// !$*UTF8*$!
{
	archiveVersion = 1;
	classes = {
	};
	objectVersion = 77;
	objects = {

/* Begin PBXBuildFile section */
		03821A31B283754B85447708 /* WorkoutConfigStoring.swift in Sources */ = {isa = PBXBuildFile; fileRef = ADDEA763CC183B596D72A1FA /* WorkoutConfigStoring.swift */; };
		0569286787F15C2E09659E05 /* TimerManager.swift in Sources */ = {isa = PBXBuildFile; fileRef = F30A32732FC92D97C1F42E93 /* TimerManager.swift */; };
		0B035FB7ACED8305A152D9F8 /* TrainingControlEvent.swift in Sources */ = {isa = PBXBuildFile; fileRef = 6697EFB233C63455B57FF357 /* TrainingControlEvent.swift */; };
		0CDEA05937823A4DE153252F /* SquatMotionState.swift in Sources */ = {isa = PBXBuildFile; fileRef = 7ECDEAF55CDB34CE23A055FB /* SquatMotionState.swift */; };
		18F25643951B98152398E56D /* HapticManager.swift in Sources */ = {isa = PBXBuildFile; fileRef = 614582D7AA258E2D2B057BBB /* HapticManager.swift */; };
		1BFFF1F3829B730D79FBED96 /* WatchArchitectureOverviewView.swift in Sources */ = {isa = PBXBuildFile; fileRef = D9C3BC1B2B6B71839D56C908 /* WatchArchitectureOverviewView.swift */; };
		1DC884BC090D165E4E207B76 /* PauseContext.swift in Sources */ = {isa = PBXBuildFile; fileRef = CD6925F905B7FC707F1E9532 /* PauseContext.swift */; };
		351C0A5DEFD45F2B021DD4AC /* WatchWorkoutHealthManager.swift in Sources */ = {isa = PBXBuildFile; fileRef = 127D3187F95AB347D20B1FCD /* WatchWorkoutHealthManager.swift */; };
		37B885204AA97EB39A7F4BFE /* SyncPayload.swift in Sources */ = {isa = PBXBuildFile; fileRef = 19AA8191B81E5490080A5565 /* SyncPayload.swift */; };
		38AF5C9E047C22AFB9A73390 /* WorkoutConfigTests.swift in Sources */ = {isa = PBXBuildFile; fileRef = 8D7D92D83C0FC8D294943FCF /* WorkoutConfigTests.swift */; };
		398948D05404E9269898460D /* TrainingControlEvent.swift in Sources */ = {isa = PBXBuildFile; fileRef = 6697EFB233C63455B57FF357 /* TrainingControlEvent.swift */; };
		3C557CA4F110867661A4829B /* WatchConnectivitySyncing.swift in Sources */ = {isa = PBXBuildFile; fileRef = 9DD2D7B99FDD8F1923F295F5 /* WatchConnectivitySyncing.swift */; };
		3CC345AA406FA42B9AEE1C27 /* WorkoutConfig.swift in Sources */ = {isa = PBXBuildFile; fileRef = D89CDB60FB2F4F5A1E57075A /* WorkoutConfig.swift */; };
		556E14E54FC53CA70E1653A3 /* WatchConnectivitySyncing.swift in Sources */ = {isa = PBXBuildFile; fileRef = 9DD2D7B99FDD8F1923F295F5 /* WatchConnectivitySyncing.swift */; };
		57B66EB8D67423E3DA3A9016 /* SquatMotionState.swift in Sources */ = {isa = PBXBuildFile; fileRef = 7ECDEAF55CDB34CE23A055FB /* SquatMotionState.swift */; };
		5A7EBFE5349B7B46104572CF /* TimerManager.swift in Sources */ = {isa = PBXBuildFile; fileRef = F30A32732FC92D97C1F42E93 /* TimerManager.swift */; };
		5D05700054F88A8861678BEF /* WorkoutState.swift in Sources */ = {isa = PBXBuildFile; fileRef = F1178F7D1002B33D408D9CE7 /* WorkoutState.swift */; };
		5F34A65DCBA73A73411FE51D /* SquatDetectionEvent.swift in Sources */ = {isa = PBXBuildFile; fileRef = F94835804B287FCDAB6C88A9 /* SquatDetectionEvent.swift */; };
		715789B54A9485767F9E19A1 /* SquatMotionState.swift in Sources */ = {isa = PBXBuildFile; fileRef = 7ECDEAF55CDB34CE23A055FB /* SquatMotionState.swift */; };
		752DF71CBEEAC9D3CCBCBE3E /* WorkoutConfig.swift in Sources */ = {isa = PBXBuildFile; fileRef = D89CDB60FB2F4F5A1E57075A /* WorkoutConfig.swift */; };
		773596D1312DFD4960F22D78 /* WorkoutState.swift in Sources */ = {isa = PBXBuildFile; fileRef = F1178F7D1002B33D408D9CE7 /* WorkoutState.swift */; };
		79E4B285B487896D714FCCA4 /* PhoneCompanionHomeView.swift in Sources */ = {isa = PBXBuildFile; fileRef = E08E5379F452AD23708457D5 /* PhoneCompanionHomeView.swift */; };
		808352DE83A4A9C027FC35EB /* HapticManager.swift in Sources */ = {isa = PBXBuildFile; fileRef = 614582D7AA258E2D2B057BBB /* HapticManager.swift */; };
		8485062607B277F9CE8F818F /* PauseContext.swift in Sources */ = {isa = PBXBuildFile; fileRef = CD6925F905B7FC707F1E9532 /* PauseContext.swift */; };
		84F5018AA5E6DED7CCA462F5 /* PauseContext.swift in Sources */ = {isa = PBXBuildFile; fileRef = CD6925F905B7FC707F1E9532 /* PauseContext.swift */; };
		8984AE0D47C521A10E42AABF /* SquatCounterWatchApp.app in Embed Watch Content */ = {isa = PBXBuildFile; fileRef = 75D4DA651C3DA9717DD772B2 /* SquatCounterWatchApp.app */; settings = {ATTRIBUTES = (RemoveHeadersOnCopy, ); }; };
		8C4FAC4BB4044D5373DB92CE /* WorkoutProgress.swift in Sources */ = {isa = PBXBuildFile; fileRef = C61EE363D264541B0301F2C7 /* WorkoutProgress.swift */; };
		9068937A1814A22DCCA1689C /* SquatDetectionEvent.swift in Sources */ = {isa = PBXBuildFile; fileRef = F94835804B287FCDAB6C88A9 /* SquatDetectionEvent.swift */; };
		96B26FFEDDD4BF05A88AFC53 /* PrivacyInfo.xcprivacy in Resources */ = {isa = PBXBuildFile; fileRef = B7411382AFA183C08D040744 /* PrivacyInfo.xcprivacy */; };
		97DD0DB7BF88673F8273FC65 /* PhoneCompanionViewModel.swift in Sources */ = {isa = PBXBuildFile; fileRef = 1C60E7A29C9A2A0550B28B6C /* PhoneCompanionViewModel.swift */; };
		997C79C7876CF2EBA5B84129 /* WorkoutProgress.swift in Sources */ = {isa = PBXBuildFile; fileRef = C61EE363D264541B0301F2C7 /* WorkoutProgress.swift */; };
		9EF217DCE216B19F228AE9E4 /* SquatDetectionEvent.swift in Sources */ = {isa = PBXBuildFile; fileRef = F94835804B287FCDAB6C88A9 /* SquatDetectionEvent.swift */; };
		A46BF9C913A19FF21CC4752A /* SyncPayload.swift in Sources */ = {isa = PBXBuildFile; fileRef = 19AA8191B81E5490080A5565 /* SyncPayload.swift */; };
		AF5DBAC737465CDB88447CA7 /* HealthKit.framework in Frameworks */ = {isa = PBXBuildFile; fileRef = AA7AE6A05026EF62DBA8F3E8 /* HealthKit.framework */; };
		B2B930C8E4E970AC2FCE6573 /* WorkoutProgress.swift in Sources */ = {isa = PBXBuildFile; fileRef = C61EE363D264541B0301F2C7 /* WorkoutProgress.swift */; };
		B7149F8AACB9C2C092D5ADD6 /* WatchConnectivitySyncing.swift in Sources */ = {isa = PBXBuildFile; fileRef = 9DD2D7B99FDD8F1923F295F5 /* WatchConnectivitySyncing.swift */; };
		BA917F7469A8142A5A5A5EE3 /* SquatCounterWatchExtensionApp.swift in Sources */ = {isa = PBXBuildFile; fileRef = 2CE7C5A7F9DAA14AF7A81340 /* SquatCounterWatchExtensionApp.swift */; };
		BC197BC2DA7B2B8AC77E995C /* WorkoutConfigStoring.swift in Sources */ = {isa = PBXBuildFile; fileRef = ADDEA763CC183B596D72A1FA /* WorkoutConfigStoring.swift */; };
		C1C94BE54566ECF3FE6B0589 /* TrainingControlEvent.swift in Sources */ = {isa = PBXBuildFile; fileRef = 6697EFB233C63455B57FF357 /* TrainingControlEvent.swift */; };
		C7481CDA7C1D514257A2B031 /* README.md in Resources */ = {isa = PBXBuildFile; fileRef = 9981927C5A7C149DB397B743 /* README.md */; };
		C8482D49B46DFD1285694E9D /* HapticManager.swift in Sources */ = {isa = PBXBuildFile; fileRef = 614582D7AA258E2D2B057BBB /* HapticManager.swift */; };
		D29FC096763A0A465B1220FE /* SyncPayload.swift in Sources */ = {isa = PBXBuildFile; fileRef = 19AA8191B81E5490080A5565 /* SyncPayload.swift */; };
		D34B92C15CC4753BD4DF3806 /* WatchHapticPerformer.swift in Sources */ = {isa = PBXBuildFile; fileRef = 0A9C17702748394DF3330838 /* WatchHapticPerformer.swift */; };
		D3719FF8BB769EEC9AF15BF1 /* SquatCounterApp.swift in Sources */ = {isa = PBXBuildFile; fileRef = 7800AEB413A665DFE77275F5 /* SquatCounterApp.swift */; };
		DC43211B759578330327AF67 /* SquatCounterWatchExtension.appex in Embed Foundation Extensions */ = {isa = PBXBuildFile; fileRef = 1D53F17629DFC1941E39D5A2 /* SquatCounterWatchExtension.appex */; settings = {ATTRIBUTES = (RemoveHeadersOnCopy, ); }; };
		DDEA2DDCD75CEF7CCA1A1F95 /* WorkoutState.swift in Sources */ = {isa = PBXBuildFile; fileRef = F1178F7D1002B33D408D9CE7 /* WorkoutState.swift */; };
		E722B844892422FBF8B9F361 /* WatchConnectivity.framework in Frameworks */ = {isa = PBXBuildFile; fileRef = 7758AB2EB4CC841060695DAD /* WatchConnectivity.framework */; };
		EA47D8A238710FEC5DAE13CF /* WorkoutConfigStoring.swift in Sources */ = {isa = PBXBuildFile; fileRef = ADDEA763CC183B596D72A1FA /* WorkoutConfigStoring.swift */; };
		F3A271F03B13649AC16A2DB4 /* TimerManager.swift in Sources */ = {isa = PBXBuildFile; fileRef = F30A32732FC92D97C1F42E93 /* TimerManager.swift */; };
		F4951C6BF42213C9C838C344 /* WorkoutConfig.swift in Sources */ = {isa = PBXBuildFile; fileRef = D89CDB60FB2F4F5A1E57075A /* WorkoutConfig.swift */; };
/* End PBXBuildFile section */

/* Begin PBXContainerItemProxy section */
		1C12E26A6801EB188C776137 /* PBXContainerItemProxy */ = {
			isa = PBXContainerItemProxy;
			containerPortal = B9325EA1CD67AA7870552516 /* Project object */;
			proxyType = 1;
			remoteGlobalIDString = 54972CC36093E7F576733650;
			remoteInfo = SquatCounter;
		};
		6E42849CAA55E4266B005FB2 /* PBXContainerItemProxy */ = {
			isa = PBXContainerItemProxy;
			containerPortal = B9325EA1CD67AA7870552516 /* Project object */;
			proxyType = 1;
			remoteGlobalIDString = DB69A7E179BF2C42712CFC64;
			remoteInfo = SquatCounterWatchExtension;
		};
		754305E6929546E73AD4CD2D /* PBXContainerItemProxy */ = {
			isa = PBXContainerItemProxy;
			containerPortal = B9325EA1CD67AA7870552516 /* Project object */;
			proxyType = 1;
			remoteGlobalIDString = 4F76560C16D533C2F15F7698;
			remoteInfo = SquatCounterWatchApp;
		};
/* End PBXContainerItemProxy section */

/* Begin PBXCopyFilesBuildPhase section */
		19C89B19A7B121F39F4A745B /* Embed Foundation Extensions */ = {
			isa = PBXCopyFilesBuildPhase;
			buildActionMask = 2147483647;
			dstPath = "";
			dstSubfolderSpec = 13;
			files = (
				DC43211B759578330327AF67 /* SquatCounterWatchExtension.appex in Embed Foundation Extensions */,
			);
			name = "Embed Foundation Extensions";
			runOnlyForDeploymentPostprocessing = 0;
		};
		3E187074F93B4734EBCF0F70 /* Embed Watch Content */ = {
			isa = PBXCopyFilesBuildPhase;
			buildActionMask = 2147483647;
			dstPath = "$(CONTENTS_FOLDER_PATH)/Watch";
			dstSubfolderSpec = 16;
			files = (
				8984AE0D47C521A10E42AABF /* SquatCounterWatchApp.app in Embed Watch Content */,
			);
			name = "Embed Watch Content";
			runOnlyForDeploymentPostprocessing = 0;
		};
/* End PBXCopyFilesBuildPhase section */

/* Begin PBXFileReference section */
		0A9C17702748394DF3330838 /* WatchHapticPerformer.swift */ = {isa = PBXFileReference; lastKnownFileType = sourcecode.swift; path = WatchHapticPerformer.swift; sourceTree = "<group>"; };
		127D3187F95AB347D20B1FCD /* WatchWorkoutHealthManager.swift */ = {isa = PBXFileReference; lastKnownFileType = sourcecode.swift; path = WatchWorkoutHealthManager.swift; sourceTree = "<group>"; };
		19AA8191B81E5490080A5565 /* SyncPayload.swift */ = {isa = PBXFileReference; lastKnownFileType = sourcecode.swift; path = SyncPayload.swift; sourceTree = "<group>"; };
		1C60E7A29C9A2A0550B28B6C /* PhoneCompanionViewModel.swift */ = {isa = PBXFileReference; lastKnownFileType = sourcecode.swift; path = PhoneCompanionViewModel.swift; sourceTree = "<group>"; };
		1D53F17629DFC1941E39D5A2 /* SquatCounterWatchExtension.appex */ = {isa = PBXFileReference; explicitFileType = "wrapper.app-extension"; includeInIndex = 0; path = SquatCounterWatchExtension.appex; sourceTree = BUILT_PRODUCTS_DIR; };
		2CE7C5A7F9DAA14AF7A81340 /* SquatCounterWatchExtensionApp.swift */ = {isa = PBXFileReference; lastKnownFileType = sourcecode.swift; path = SquatCounterWatchExtensionApp.swift; sourceTree = "<group>"; };
		460466B6E7BCD297CC0632DF /* Release.xcconfig */ = {isa = PBXFileReference; lastKnownFileType = text.xcconfig; path = Release.xcconfig; sourceTree = "<group>"; };
		55940C7DE758082B4AE23A51 /* SquatCounter.app */ = {isa = PBXFileReference; includeInIndex = 0; lastKnownFileType = wrapper.application; path = SquatCounter.app; sourceTree = BUILT_PRODUCTS_DIR; };
		60EBA88B77DCB462620A7E93 /* Info.plist */ = {isa = PBXFileReference; lastKnownFileType = text.plist; path = Info.plist; sourceTree = "<group>"; };
		614582D7AA258E2D2B057BBB /* HapticManager.swift */ = {isa = PBXFileReference; lastKnownFileType = sourcecode.swift; path = HapticManager.swift; sourceTree = "<group>"; };
		6697EFB233C63455B57FF357 /* TrainingControlEvent.swift */ = {isa = PBXFileReference; lastKnownFileType = sourcecode.swift; path = TrainingControlEvent.swift; sourceTree = "<group>"; };
		75D4DA651C3DA9717DD772B2 /* SquatCounterWatchApp.app */ = {isa = PBXFileReference; explicitFileType = wrapper.application; includeInIndex = 0; path = SquatCounterWatchApp.app; sourceTree = BUILT_PRODUCTS_DIR; };
		7758AB2EB4CC841060695DAD /* WatchConnectivity.framework */ = {isa = PBXFileReference; lastKnownFileType = wrapper.framework; name = WatchConnectivity.framework; path = System/Library/Frameworks/WatchConnectivity.framework; sourceTree = SDKROOT; };
		7800AEB413A665DFE77275F5 /* SquatCounterApp.swift */ = {isa = PBXFileReference; lastKnownFileType = sourcecode.swift; path = SquatCounterApp.swift; sourceTree = "<group>"; };
		7B70CB0AAB2C54161F5E8972 /* Debug.xcconfig */ = {isa = PBXFileReference; lastKnownFileType = text.xcconfig; path = Debug.xcconfig; sourceTree = "<group>"; };
		7ECDEAF55CDB34CE23A055FB /* SquatMotionState.swift */ = {isa = PBXFileReference; lastKnownFileType = sourcecode.swift; path = SquatMotionState.swift; sourceTree = "<group>"; };
		8D7D92D83C0FC8D294943FCF /* WorkoutConfigTests.swift */ = {isa = PBXFileReference; lastKnownFileType = sourcecode.swift; path = WorkoutConfigTests.swift; sourceTree = "<group>"; };
		952D3704E86DC27632B6A23F /* SquatCounterTests.xctest */ = {isa = PBXFileReference; includeInIndex = 0; lastKnownFileType = wrapper.cfbundle; path = SquatCounterTests.xctest; sourceTree = BUILT_PRODUCTS_DIR; };
		9981927C5A7C149DB397B743 /* README.md */ = {isa = PBXFileReference; lastKnownFileType = net.daringfireball.markdown; path = README.md; sourceTree = "<group>"; };
		9DD2D7B99FDD8F1923F295F5 /* WatchConnectivitySyncing.swift */ = {isa = PBXFileReference; lastKnownFileType = sourcecode.swift; path = WatchConnectivitySyncing.swift; sourceTree = "<group>"; };
		AA7AE6A05026EF62DBA8F3E8 /* HealthKit.framework */ = {isa = PBXFileReference; lastKnownFileType = wrapper.framework; name = HealthKit.framework; path = System/Library/Frameworks/HealthKit.framework; sourceTree = SDKROOT; };
		ACE6C7005503B74F33EC6A05 /* Beta.xcconfig */ = {isa = PBXFileReference; lastKnownFileType = text.xcconfig; path = Beta.xcconfig; sourceTree = "<group>"; };
		ADDEA763CC183B596D72A1FA /* WorkoutConfigStoring.swift */ = {isa = PBXFileReference; lastKnownFileType = sourcecode.swift; path = WorkoutConfigStoring.swift; sourceTree = "<group>"; };
		B7411382AFA183C08D040744 /* PrivacyInfo.xcprivacy */ = {isa = PBXFileReference; path = PrivacyInfo.xcprivacy; sourceTree = "<group>"; };
		C61EE363D264541B0301F2C7 /* WorkoutProgress.swift */ = {isa = PBXFileReference; lastKnownFileType = sourcecode.swift; path = WorkoutProgress.swift; sourceTree = "<group>"; };
		CD6925F905B7FC707F1E9532 /* PauseContext.swift */ = {isa = PBXFileReference; lastKnownFileType = sourcecode.swift; path = PauseContext.swift; sourceTree = "<group>"; };
		D89CDB60FB2F4F5A1E57075A /* WorkoutConfig.swift */ = {isa = PBXFileReference; lastKnownFileType = sourcecode.swift; path = WorkoutConfig.swift; sourceTree = "<group>"; };
		D9C3BC1B2B6B71839D56C908 /* WatchArchitectureOverviewView.swift */ = {isa = PBXFileReference; lastKnownFileType = sourcecode.swift; path = WatchArchitectureOverviewView.swift; sourceTree = "<group>"; };
		E08E5379F452AD23708457D5 /* PhoneCompanionHomeView.swift */ = {isa = PBXFileReference; lastKnownFileType = sourcecode.swift; path = PhoneCompanionHomeView.swift; sourceTree = "<group>"; };
		E150083FD09B4BBD6F23BD74 /* SquatCounterWatchExtension.entitlements */ = {isa = PBXFileReference; lastKnownFileType = text.plist.entitlements; path = SquatCounterWatchExtension.entitlements; sourceTree = "<group>"; };
		F1178F7D1002B33D408D9CE7 /* WorkoutState.swift */ = {isa = PBXFileReference; lastKnownFileType = sourcecode.swift; path = WorkoutState.swift; sourceTree = "<group>"; };
		F30A32732FC92D97C1F42E93 /* TimerManager.swift */ = {isa = PBXFileReference; lastKnownFileType = sourcecode.swift; path = TimerManager.swift; sourceTree = "<group>"; };
		F94835804B287FCDAB6C88A9 /* SquatDetectionEvent.swift */ = {isa = PBXFileReference; lastKnownFileType = sourcecode.swift; path = SquatDetectionEvent.swift; sourceTree = "<group>"; };
/* End PBXFileReference section */

/* Begin PBXFrameworksBuildPhase section */
		29D92C68E6E1A8010FB57FD4 /* Frameworks */ = {
			isa = PBXFrameworksBuildPhase;
			buildActionMask = 2147483647;
			files = (
				AF5DBAC737465CDB88447CA7 /* HealthKit.framework in Frameworks */,
				E722B844892422FBF8B9F361 /* WatchConnectivity.framework in Frameworks */,
			);
			runOnlyForDeploymentPostprocessing = 0;
		};
/* End PBXFrameworksBuildPhase section */

/* Begin PBXGroup section */
		00123F7559CC0D9005F5EA77 /* Shared */ = {
			isa = PBXGroup;
			children = (
				1EB7E6A995A3E51AB608E813 /* Models */,
				96E7E58951FC1242CED62AFF /* Storage */,
				EB84E95931F8CDA98CD197FD /* Sync */,
				629D582406E75A11DD1A07CD /* TrainingControl */,
			);
			path = Shared;
			sourceTree = "<group>";
		};
		1EB7E6A995A3E51AB608E813 /* Models */ = {
			isa = PBXGroup;
			children = (
				CD6925F905B7FC707F1E9532 /* PauseContext.swift */,
				F94835804B287FCDAB6C88A9 /* SquatDetectionEvent.swift */,
				7ECDEAF55CDB34CE23A055FB /* SquatMotionState.swift */,
				D89CDB60FB2F4F5A1E57075A /* WorkoutConfig.swift */,
				C61EE363D264541B0301F2C7 /* WorkoutProgress.swift */,
				F1178F7D1002B33D408D9CE7 /* WorkoutState.swift */,
			);
			path = Models;
			sourceTree = "<group>";
		};
		3ED4DE443F8CA5F2E45640BA /* Configs */ = {
			isa = PBXGroup;
			children = (
				ACE6C7005503B74F33EC6A05 /* Beta.xcconfig */,
				7B70CB0AAB2C54161F5E8972 /* Debug.xcconfig */,
				460466B6E7BCD297CC0632DF /* Release.xcconfig */,
			);
			path = Configs;
			sourceTree = "<group>";
		};
		5F65B15BC51B2B26827CEAA8 /* App */ = {
			isa = PBXGroup;
			children = (
				7800AEB413A665DFE77275F5 /* SquatCounterApp.swift */,
			);
			path = App;
			sourceTree = "<group>";
		};
		629D582406E75A11DD1A07CD /* TrainingControl */ = {
			isa = PBXGroup;
			children = (
				614582D7AA258E2D2B057BBB /* HapticManager.swift */,
				F30A32732FC92D97C1F42E93 /* TimerManager.swift */,
				6697EFB233C63455B57FF357 /* TrainingControlEvent.swift */,
			);
			path = TrainingControl;
			sourceTree = "<group>";
		};
		6FF59BAAF6AF4492D781C051 /* SquatCounterWatchApp */ = {
			isa = PBXGroup;
			children = (
				D38F6E63C1B50BF519766D7F /* Resources */,
			);
			path = SquatCounterWatchApp;
			sourceTree = "<group>";
		};
		730CFE291BB53355B303913B /* Support */ = {
			isa = PBXGroup;
			children = (
				60EBA88B77DCB462620A7E93 /* Info.plist */,
				B7411382AFA183C08D040744 /* PrivacyInfo.xcprivacy */,
				E150083FD09B4BBD6F23BD74 /* SquatCounterWatchExtension.entitlements */,
			);
			path = Support;
			sourceTree = "<group>";
		};
		86A29B61500DCED40948B757 /* Frameworks */ = {
			isa = PBXGroup;
			children = (
				AA7AE6A05026EF62DBA8F3E8 /* HealthKit.framework */,
				7758AB2EB4CC841060695DAD /* WatchConnectivity.framework */,
			);
			name = Frameworks;
			sourceTree = "<group>";
		};
		885A063681975A8237B6EDD1 /* App */ = {
			isa = PBXGroup;
			children = (
				2CE7C5A7F9DAA14AF7A81340 /* SquatCounterWatchExtensionApp.swift */,
				127D3187F95AB347D20B1FCD /* WatchWorkoutHealthManager.swift */,
			);
			path = App;
			sourceTree = "<group>";
		};
		8E206BA4EF3E30B5AB0C40F8 /* Home */ = {
			isa = PBXGroup;
			children = (
				D9C3BC1B2B6B71839D56C908 /* WatchArchitectureOverviewView.swift */,
				0A9C17702748394DF3330838 /* WatchHapticPerformer.swift */,
			);
			path = Home;
			sourceTree = "<group>";
		};
		90DDE1841CB8E6988F18DC7C /* Products */ = {
			isa = PBXGroup;
			children = (
				55940C7DE758082B4AE23A51 /* SquatCounter.app */,
				952D3704E86DC27632B6A23F /* SquatCounterTests.xctest */,
				75D4DA651C3DA9717DD772B2 /* SquatCounterWatchApp.app */,
				1D53F17629DFC1941E39D5A2 /* SquatCounterWatchExtension.appex */,
			);
			name = Products;
			sourceTree = "<group>";
		};
		94181A55B3095F07F59FAD25 /* Features */ = {
			isa = PBXGroup;
			children = (
				8E206BA4EF3E30B5AB0C40F8 /* Home */,
			);
			path = Features;
			sourceTree = "<group>";
		};
		968C315D9126484DC8A04E17 /* SquatCounterTests */ = {
			isa = PBXGroup;
			children = (
				8D7D92D83C0FC8D294943FCF /* WorkoutConfigTests.swift */,
			);
			path = SquatCounterTests;
			sourceTree = "<group>";
		};
		96E7E58951FC1242CED62AFF /* Storage */ = {
			isa = PBXGroup;
			children = (
				ADDEA763CC183B596D72A1FA /* WorkoutConfigStoring.swift */,
			);
			path = Storage;
			sourceTree = "<group>";
		};
		9BE63FB15FB7E1F77DCE5999 /* SquatCounteriOS */ = {
			isa = PBXGroup;
			children = (
				5F65B15BC51B2B26827CEAA8 /* App */,
				EF2BC59AC099E8F8C32DD9B7 /* Features */,
			);
			path = SquatCounteriOS;
			sourceTree = "<group>";
		};
		A8D420962A8E2EEFFD189154 /* Home */ = {
			isa = PBXGroup;
			children = (
				E08E5379F452AD23708457D5 /* PhoneCompanionHomeView.swift */,
				1C60E7A29C9A2A0550B28B6C /* PhoneCompanionViewModel.swift */,
			);
			path = Home;
			sourceTree = "<group>";
		};
		C7AC2BC18CED0A8AE81AA209 /* SquatCounterWatchExtension */ = {
			isa = PBXGroup;
			children = (
				885A063681975A8237B6EDD1 /* App */,
				94181A55B3095F07F59FAD25 /* Features */,
				730CFE291BB53355B303913B /* Support */,
			);
			path = SquatCounterWatchExtension;
			sourceTree = "<group>";
		};
		D38F6E63C1B50BF519766D7F /* Resources */ = {
			isa = PBXGroup;
			children = (
				9981927C5A7C149DB397B743 /* README.md */,
			);
			path = Resources;
			sourceTree = "<group>";
		};
		EB84E95931F8CDA98CD197FD /* Sync */ = {
			isa = PBXGroup;
			children = (
				19AA8191B81E5490080A5565 /* SyncPayload.swift */,
				9DD2D7B99FDD8F1923F295F5 /* WatchConnectivitySyncing.swift */,
			);
			path = Sync;
			sourceTree = "<group>";
		};
		EF2BC59AC099E8F8C32DD9B7 /* Features */ = {
			isa = PBXGroup;
			children = (
				A8D420962A8E2EEFFD189154 /* Home */,
			);
			path = Features;
			sourceTree = "<group>";
		};
		FB56A70BDA106FBDFC22F122 = {
			isa = PBXGroup;
			children = (
				3ED4DE443F8CA5F2E45640BA /* Configs */,
				00123F7559CC0D9005F5EA77 /* Shared */,
				9BE63FB15FB7E1F77DCE5999 /* SquatCounteriOS */,
				968C315D9126484DC8A04E17 /* SquatCounterTests */,
				6FF59BAAF6AF4492D781C051 /* SquatCounterWatchApp */,
				C7AC2BC18CED0A8AE81AA209 /* SquatCounterWatchExtension */,
				86A29B61500DCED40948B757 /* Frameworks */,
				90DDE1841CB8E6988F18DC7C /* Products */,
			);
			sourceTree = "<group>";
		};
/* End PBXGroup section */

/* Begin PBXNativeTarget section */
		4F76560C16D533C2F15F7698 /* SquatCounterWatchApp */ = {
			isa = PBXNativeTarget;
			buildConfigurationList = ED02219D21B1B3F18CD1779F /* Build configuration list for PBXNativeTarget "SquatCounterWatchApp" */;
			buildPhases = (
				76E39B63036E0C353B003606 /* Resources */,
				19C89B19A7B121F39F4A745B /* Embed Foundation Extensions */,
			);
			buildRules = (
			);
			dependencies = (
				82826F04B68F414C5278CD64 /* PBXTargetDependency */,
			);
			name = SquatCounterWatchApp;
			packageProductDependencies = (
			);
			productName = SquatCounterWatchApp;
			productReference = 75D4DA651C3DA9717DD772B2 /* SquatCounterWatchApp.app */;
			productType = "com.apple.product-type.application.watchapp2";
		};
		54972CC36093E7F576733650 /* SquatCounter */ = {
			isa = PBXNativeTarget;
			buildConfigurationList = FC6BA30A1DFD845B3B35D5E3 /* Build configuration list for PBXNativeTarget "SquatCounter" */;
			buildPhases = (
				79D6E14DEB0F86C5B8027B6D /* Sources */,
				3E187074F93B4734EBCF0F70 /* Embed Watch Content */,
			);
			buildRules = (
			);
			dependencies = (
				7D652FCB5B5755037AE098AD /* PBXTargetDependency */,
			);
			name = SquatCounter;
			packageProductDependencies = (
			);
			productName = SquatCounter;
			productReference = 55940C7DE758082B4AE23A51 /* SquatCounter.app */;
			productType = "com.apple.product-type.application";
		};
		72CF0159F59B94D611083FA3 /* SquatCounterTests */ = {
			isa = PBXNativeTarget;
			buildConfigurationList = F6066E72F0B2ECAA72A562A2 /* Build configuration list for PBXNativeTarget "SquatCounterTests" */;
			buildPhases = (
				EACBE77578C45BED08895F83 /* Sources */,
			);
			buildRules = (
			);
			dependencies = (
				A2C42A517F257F1062F006E2 /* PBXTargetDependency */,
			);
			name = SquatCounterTests;
			packageProductDependencies = (
			);
			productName = SquatCounterTests;
			productReference = 952D3704E86DC27632B6A23F /* SquatCounterTests.xctest */;
			productType = "com.apple.product-type.bundle.unit-test";
		};
		DB69A7E179BF2C42712CFC64 /* SquatCounterWatchExtension */ = {
			isa = PBXNativeTarget;
			buildConfigurationList = 8F11E93FD1289C7E4FDA182E /* Build configuration list for PBXNativeTarget "SquatCounterWatchExtension" */;
			buildPhases = (
				95D102ACE6B6F7F754B848F4 /* Sources */,
				1171AEE9A3AEA9911C06B0CB /* Resources */,
				29D92C68E6E1A8010FB57FD4 /* Frameworks */,
			);
			buildRules = (
			);
			dependencies = (
			);
			name = SquatCounterWatchExtension;
			packageProductDependencies = (
			);
			productName = SquatCounterWatchExtension;
			productReference = 1D53F17629DFC1941E39D5A2 /* SquatCounterWatchExtension.appex */;
			productType = "com.apple.product-type.watchkit2-extension";
		};
/* End PBXNativeTarget section */

/* Begin PBXProject section */
		B9325EA1CD67AA7870552516 /* Project object */ = {
			isa = PBXProject;
			attributes = {
				BuildIndependentTargetsInParallel = YES;
				LastUpgradeCheck = 1430;
				TargetAttributes = {
					4F76560C16D533C2F15F7698 = {
						DevelopmentTeam = "";
						ProvisioningStyle = Automatic;
					};
					54972CC36093E7F576733650 = {
						DevelopmentTeam = "";
						ProvisioningStyle = Automatic;
					};
					72CF0159F59B94D611083FA3 = {
						DevelopmentTeam = "";
						ProvisioningStyle = Automatic;
					};
					DB69A7E179BF2C42712CFC64 = {
						DevelopmentTeam = "";
						ProvisioningStyle = Automatic;
					};
				};
			};
			buildConfigurationList = F66AC1010B3418E32D75FC38 /* Build configuration list for PBXProject "SquatCounter" */;
			compatibilityVersion = "Xcode 14.0";
			developmentRegion = en;
			hasScannedForEncodings = 0;
			knownRegions = (
				Base,
				en,
			);
			mainGroup = FB56A70BDA106FBDFC22F122;
			minimizedProjectReferenceProxies = 1;
			preferredProjectObjectVersion = 77;
			projectDirPath = "";
			projectRoot = "";
			targets = (
				54972CC36093E7F576733650 /* SquatCounter */,
				72CF0159F59B94D611083FA3 /* SquatCounterTests */,
				4F76560C16D533C2F15F7698 /* SquatCounterWatchApp */,
				DB69A7E179BF2C42712CFC64 /* SquatCounterWatchExtension */,
			);
		};
/* End PBXProject section */

/* Begin PBXResourcesBuildPhase section */
		1171AEE9A3AEA9911C06B0CB /* Resources */ = {
			isa = PBXResourcesBuildPhase;
			buildActionMask = 2147483647;
			files = (
				96B26FFEDDD4BF05A88AFC53 /* PrivacyInfo.xcprivacy in Resources */,
			);
			runOnlyForDeploymentPostprocessing = 0;
		};
		76E39B63036E0C353B003606 /* Resources */ = {
			isa = PBXResourcesBuildPhase;
			buildActionMask = 2147483647;
			files = (
				C7481CDA7C1D514257A2B031 /* README.md in Resources */,
			);
			runOnlyForDeploymentPostprocessing = 0;
		};
/* End PBXResourcesBuildPhase section */

/* Begin PBXSourcesBuildPhase section */
		79D6E14DEB0F86C5B8027B6D /* Sources */ = {
			isa = PBXSourcesBuildPhase;
			buildActionMask = 2147483647;
			files = (
				C8482D49B46DFD1285694E9D /* HapticManager.swift in Sources */,
				84F5018AA5E6DED7CCA462F5 /* PauseContext.swift in Sources */,
				79E4B285B487896D714FCCA4 /* PhoneCompanionHomeView.swift in Sources */,
				97DD0DB7BF88673F8273FC65 /* PhoneCompanionViewModel.swift in Sources */,
				D3719FF8BB769EEC9AF15BF1 /* SquatCounterApp.swift in Sources */,
				9068937A1814A22DCCA1689C /* SquatDetectionEvent.swift in Sources */,
				715789B54A9485767F9E19A1 /* SquatMotionState.swift in Sources */,
				37B885204AA97EB39A7F4BFE /* SyncPayload.swift in Sources */,
				F3A271F03B13649AC16A2DB4 /* TimerManager.swift in Sources */,
				398948D05404E9269898460D /* TrainingControlEvent.swift in Sources */,
				556E14E54FC53CA70E1653A3 /* WatchConnectivitySyncing.swift in Sources */,
				3CC345AA406FA42B9AEE1C27 /* WorkoutConfig.swift in Sources */,
				EA47D8A238710FEC5DAE13CF /* WorkoutConfigStoring.swift in Sources */,
				8C4FAC4BB4044D5373DB92CE /* WorkoutProgress.swift in Sources */,
				DDEA2DDCD75CEF7CCA1A1F95 /* WorkoutState.swift in Sources */,
			);
			runOnlyForDeploymentPostprocessing = 0;
		};
		95D102ACE6B6F7F754B848F4 /* Sources */ = {
			isa = PBXSourcesBuildPhase;
			buildActionMask = 2147483647;
			files = (
				808352DE83A4A9C027FC35EB /* HapticManager.swift in Sources */,
				1DC884BC090D165E4E207B76 /* PauseContext.swift in Sources */,
				BA917F7469A8142A5A5A5EE3 /* SquatCounterWatchExtensionApp.swift in Sources */,
				5F34A65DCBA73A73411FE51D /* SquatDetectionEvent.swift in Sources */,
				57B66EB8D67423E3DA3A9016 /* SquatMotionState.swift in Sources */,
				A46BF9C913A19FF21CC4752A /* SyncPayload.swift in Sources */,
				5A7EBFE5349B7B46104572CF /* TimerManager.swift in Sources */,
				C1C94BE54566ECF3FE6B0589 /* TrainingControlEvent.swift in Sources */,
				1BFFF1F3829B730D79FBED96 /* WatchArchitectureOverviewView.swift in Sources */,
				B7149F8AACB9C2C092D5ADD6 /* WatchConnectivitySyncing.swift in Sources */,
				D34B92C15CC4753BD4DF3806 /* WatchHapticPerformer.swift in Sources */,
				351C0A5DEFD45F2B021DD4AC /* WatchWorkoutHealthManager.swift in Sources */,
				F4951C6BF42213C9C838C344 /* WorkoutConfig.swift in Sources */,
				03821A31B283754B85447708 /* WorkoutConfigStoring.swift in Sources */,
				B2B930C8E4E970AC2FCE6573 /* WorkoutProgress.swift in Sources */,
				5D05700054F88A8861678BEF /* WorkoutState.swift in Sources */,
			);
			runOnlyForDeploymentPostprocessing = 0;
		};
		EACBE77578C45BED08895F83 /* Sources */ = {
			isa = PBXSourcesBuildPhase;
			buildActionMask = 2147483647;
			files = (
				18F25643951B98152398E56D /* HapticManager.swift in Sources */,
				8485062607B277F9CE8F818F /* PauseContext.swift in Sources */,
				9EF217DCE216B19F228AE9E4 /* SquatDetectionEvent.swift in Sources */,
				0CDEA05937823A4DE153252F /* SquatMotionState.swift in Sources */,
				D29FC096763A0A465B1220FE /* SyncPayload.swift in Sources */,
				0569286787F15C2E09659E05 /* TimerManager.swift in Sources */,
				0B035FB7ACED8305A152D9F8 /* TrainingControlEvent.swift in Sources */,
				3C557CA4F110867661A4829B /* WatchConnectivitySyncing.swift in Sources */,
				752DF71CBEEAC9D3CCBCBE3E /* WorkoutConfig.swift in Sources */,
				BC197BC2DA7B2B8AC77E995C /* WorkoutConfigStoring.swift in Sources */,
				38AF5C9E047C22AFB9A73390 /* WorkoutConfigTests.swift in Sources */,
				997C79C7876CF2EBA5B84129 /* WorkoutProgress.swift in Sources */,
				773596D1312DFD4960F22D78 /* WorkoutState.swift in Sources */,
			);
			runOnlyForDeploymentPostprocessing = 0;
		};
/* End PBXSourcesBuildPhase section */

/* Begin PBXTargetDependency section */
		7D652FCB5B5755037AE098AD /* PBXTargetDependency */ = {
			isa = PBXTargetDependency;
			target = 4F76560C16D533C2F15F7698 /* SquatCounterWatchApp */;
			targetProxy = 754305E6929546E73AD4CD2D /* PBXContainerItemProxy */;
		};
		82826F04B68F414C5278CD64 /* PBXTargetDependency */ = {
			isa = PBXTargetDependency;
			target = DB69A7E179BF2C42712CFC64 /* SquatCounterWatchExtension */;
			targetProxy = 6E42849CAA55E4266B005FB2 /* PBXContainerItemProxy */;
		};
		A2C42A517F257F1062F006E2 /* PBXTargetDependency */ = {
			isa = PBXTargetDependency;
			target = 54972CC36093E7F576733650 /* SquatCounter */;
			targetProxy = 1C12E26A6801EB188C776137 /* PBXContainerItemProxy */;
		};
/* End PBXTargetDependency section */

/* Begin XCBuildConfiguration section */
		132C0AB927E989DF98345DE4 /* Debug */ = {
			isa = XCBuildConfiguration;
			baseConfigurationReference = 7B70CB0AAB2C54161F5E8972 /* Debug.xcconfig */;
			buildSettings = {
				ASSETCATALOG_COMPILER_COMPLICATION_NAME = Complication;
				CODE_SIGN_ENTITLEMENTS = SquatCounterWatchExtension/Support/SquatCounterWatchExtension.entitlements;
				GENERATE_INFOPLIST_FILE = NO;
				INFOPLIST_FILE = SquatCounterWatchExtension/Support/Info.plist;
				LD_RUNPATH_SEARCH_PATHS = (
					"$(inherited)",
					"@executable_path/Frameworks",
					"@executable_path/../../Frameworks",
				);
				PRODUCT_BUNDLE_IDENTIFIER = com.fuer.SquatCounter.watchkitapp.watchkitextension;
				PRODUCT_NAME = SquatCounterWatchExtension;
				SDKROOT = watchos;
				SKIP_INSTALL = YES;
				TARGETED_DEVICE_FAMILY = 4;
				WATCHOS_DEPLOYMENT_TARGET = 10.0;
				WATCH_APP_BUNDLE_IDENTIFIER = com.fuer.SquatCounter.watchkitapp;
			};
			name = Debug;
		};
		1592AABC681773ED48B0DCB2 /* Beta */ = {
			isa = XCBuildConfiguration;
			baseConfigurationReference = ACE6C7005503B74F33EC6A05 /* Beta.xcconfig */;
			buildSettings = {
				BUNDLE_LOADER = "$(TEST_HOST)";
				IPHONEOS_DEPLOYMENT_TARGET = 17.0;
				LD_RUNPATH_SEARCH_PATHS = (
					"$(inherited)",
					"@executable_path/Frameworks",
					"@loader_path/Frameworks",
				);
				PRODUCT_BUNDLE_IDENTIFIER = com.fuer.SquatCounterTests;
				PRODUCT_NAME = SquatCounterTests;
				SDKROOT = iphoneos;
				TARGETED_DEVICE_FAMILY = "1,2";
				TEST_HOST = "$(BUILT_PRODUCTS_DIR)/SquatCounter.app/SquatCounter";
			};
			name = Beta;
		};
		2086DD4F2CE0C98E99D65AA3 /* Release */ = {
			isa = XCBuildConfiguration;
			baseConfigurationReference = 460466B6E7BCD297CC0632DF /* Release.xcconfig */;
			buildSettings = {
				ASSETCATALOG_COMPILER_APPICON_NAME = AppIcon;
				CODE_SIGN_IDENTITY = "iPhone Developer";
				INFOPLIST_KEY_CFBundleDisplayName = "Squat Counter";
				INFOPLIST_KEY_NSSupportsLiveActivities = NO;
				INFOPLIST_KEY_UIApplicationSupportsIndirectInputEvents = YES;
				INFOPLIST_KEY_UILaunchScreen_Generation = YES;
				INFOPLIST_KEY_UISupportedInterfaceOrientations_iPhone = (
					UIInterfaceOrientationPortrait,
					UIInterfaceOrientationLandscapeLeft,
					UIInterfaceOrientationLandscapeRight,
				);
				IPHONEOS_DEPLOYMENT_TARGET = 17.0;
				LD_RUNPATH_SEARCH_PATHS = (
					"$(inherited)",
					"@executable_path/Frameworks",
				);
				PRODUCT_BUNDLE_IDENTIFIER = com.fuer.SquatCounter;
				PRODUCT_NAME = SquatCounter;
				SDKROOT = iphoneos;
				TARGETED_DEVICE_FAMILY = 1;
			};
			name = Release;
		};
		28F69BBE94F0CE56C886C78B /* Release */ = {
			isa = XCBuildConfiguration;
			buildSettings = {
				ALWAYS_SEARCH_USER_PATHS = NO;
				CLANG_ANALYZER_NONNULL = YES;
				CLANG_ANALYZER_NUMBER_OBJECT_CONVERSION = YES_AGGRESSIVE;
				CLANG_CXX_LANGUAGE_STANDARD = "gnu++14";
				CLANG_CXX_LIBRARY = "libc++";
				CLANG_ENABLE_MODULES = YES;
				CLANG_ENABLE_OBJC_ARC = YES;
				CLANG_ENABLE_OBJC_WEAK = YES;
				CLANG_WARN_BLOCK_CAPTURE_AUTORELEASING = YES;
				CLANG_WARN_BOOL_CONVERSION = YES;
				CLANG_WARN_COMMA = YES;
				CLANG_WARN_CONSTANT_CONVERSION = YES;
				CLANG_WARN_DEPRECATED_OBJC_IMPLEMENTATIONS = YES;
				CLANG_WARN_DIRECT_OBJC_ISA_USAGE = YES_ERROR;
				CLANG_WARN_DOCUMENTATION_COMMENTS = YES;
				CLANG_WARN_EMPTY_BODY = YES;
				CLANG_WARN_ENUM_CONVERSION = YES;
				CLANG_WARN_INFINITE_RECURSION = YES;
				CLANG_WARN_INT_CONVERSION = YES;
				CLANG_WARN_NON_LITERAL_NULL_CONVERSION = YES;
				CLANG_WARN_OBJC_IMPLICIT_RETAIN_SELF = YES;
				CLANG_WARN_OBJC_LITERAL_CONVERSION = YES;
				CLANG_WARN_OBJC_ROOT_CLASS = YES_ERROR;
				CLANG_WARN_QUOTED_INCLUDE_IN_FRAMEWORK_HEADER = YES;
				CLANG_WARN_RANGE_LOOP_ANALYSIS = YES;
				CLANG_WARN_STRICT_PROTOTYPES = YES;
				CLANG_WARN_SUSPICIOUS_MOVE = YES;
				CLANG_WARN_UNGUARDED_AVAILABILITY = YES_AGGRESSIVE;
				CLANG_WARN_UNREACHABLE_CODE = YES;
				CLANG_WARN__DUPLICATE_METHOD_MATCH = YES;
				CODE_SIGN_STYLE = Automatic;
				COPY_PHASE_STRIP = NO;
				CURRENT_PROJECT_VERSION = 1;
				DEBUG_INFORMATION_FORMAT = "dwarf-with-dsym";
				DEVELOPMENT_TEAM = "";
				ENABLE_NS_ASSERTIONS = NO;
				ENABLE_STRICT_OBJC_MSGSEND = YES;
				GCC_C_LANGUAGE_STANDARD = gnu11;
				GCC_NO_COMMON_BLOCKS = YES;
				GCC_WARN_64_TO_32_BIT_CONVERSION = YES;
				GCC_WARN_ABOUT_RETURN_TYPE = YES_ERROR;
				GCC_WARN_UNDECLARED_SELECTOR = YES;
				GCC_WARN_UNINITIALIZED_AUTOS = YES_AGGRESSIVE;
				GCC_WARN_UNUSED_FUNCTION = YES;
				GCC_WARN_UNUSED_VARIABLE = YES;
				GENERATE_INFOPLIST_FILE = YES;
				IPHONEOS_DEPLOYMENT_TARGET = 17.0;
				MARKETING_VERSION = 1.0.0;
				MTL_ENABLE_DEBUG_INFO = NO;
				MTL_FAST_MATH = YES;
				PRODUCT_NAME = "$(TARGET_NAME)";
				SWIFT_COMPILATION_MODE = wholemodule;
				SWIFT_OPTIMIZATION_LEVEL = "-O";
				SWIFT_STRICT_CONCURRENCY = complete;
				SWIFT_VERSION = 5.0;
				WATCHOS_DEPLOYMENT_TARGET = 10.0;
			};
			name = Release;
		};
		3500196C869E360226D5501D /* Release */ = {
			isa = XCBuildConfiguration;
			baseConfigurationReference = 460466B6E7BCD297CC0632DF /* Release.xcconfig */;
			buildSettings = {
				INFOPLIST_KEY_CFBundleDisplayName = "Squat Counter";
				INFOPLIST_KEY_WKCompanionAppBundleIdentifier = com.fuer.SquatCounter;
				PRODUCT_BUNDLE_IDENTIFIER = com.fuer.SquatCounter.watchkitapp;
				PRODUCT_NAME = SquatCounterWatchApp;
				SDKROOT = watchos;
				SKIP_INSTALL = YES;
				TARGETED_DEVICE_FAMILY = 4;
				WATCHOS_DEPLOYMENT_TARGET = 10.0;
			};
			name = Release;
		};
		38B0EA8090BDF27E332AFF07 /* Beta */ = {
			isa = XCBuildConfiguration;
			baseConfigurationReference = ACE6C7005503B74F33EC6A05 /* Beta.xcconfig */;
			buildSettings = {
				INFOPLIST_KEY_CFBundleDisplayName = "Squat Counter";
				INFOPLIST_KEY_WKCompanionAppBundleIdentifier = com.fuer.SquatCounter;
				PRODUCT_BUNDLE_IDENTIFIER = com.fuer.SquatCounter.watchkitapp;
				PRODUCT_NAME = SquatCounterWatchApp;
				SDKROOT = watchos;
				SKIP_INSTALL = YES;
				TARGETED_DEVICE_FAMILY = 4;
				WATCHOS_DEPLOYMENT_TARGET = 10.0;
			};
			name = Beta;
		};
		6052A46975F077A78E34FF81 /* Release */ = {
			isa = XCBuildConfiguration;
			baseConfigurationReference = 460466B6E7BCD297CC0632DF /* Release.xcconfig */;
			buildSettings = {
				BUNDLE_LOADER = "$(TEST_HOST)";
				IPHONEOS_DEPLOYMENT_TARGET = 17.0;
				LD_RUNPATH_SEARCH_PATHS = (
					"$(inherited)",
					"@executable_path/Frameworks",
					"@loader_path/Frameworks",
				);
				PRODUCT_BUNDLE_IDENTIFIER = com.fuer.SquatCounterTests;
				PRODUCT_NAME = SquatCounterTests;
				SDKROOT = iphoneos;
				TARGETED_DEVICE_FAMILY = "1,2";
				TEST_HOST = "$(BUILT_PRODUCTS_DIR)/SquatCounter.app/SquatCounter";
			};
			name = Release;
		};
		81857FA52B60F6B431FB36A6 /* Beta */ = {
			isa = XCBuildConfiguration;
			buildSettings = {
				ALWAYS_SEARCH_USER_PATHS = NO;
				CLANG_ANALYZER_NONNULL = YES;
				CLANG_ANALYZER_NUMBER_OBJECT_CONVERSION = YES_AGGRESSIVE;
				CLANG_CXX_LANGUAGE_STANDARD = "gnu++14";
				CLANG_CXX_LIBRARY = "libc++";
				CLANG_ENABLE_MODULES = YES;
				CLANG_ENABLE_OBJC_ARC = YES;
				CLANG_ENABLE_OBJC_WEAK = YES;
				CLANG_WARN_BLOCK_CAPTURE_AUTORELEASING = YES;
				CLANG_WARN_BOOL_CONVERSION = YES;
				CLANG_WARN_COMMA = YES;
				CLANG_WARN_CONSTANT_CONVERSION = YES;
				CLANG_WARN_DEPRECATED_OBJC_IMPLEMENTATIONS = YES;
				CLANG_WARN_DIRECT_OBJC_ISA_USAGE = YES_ERROR;
				CLANG_WARN_DOCUMENTATION_COMMENTS = YES;
				CLANG_WARN_EMPTY_BODY = YES;
				CLANG_WARN_ENUM_CONVERSION = YES;
				CLANG_WARN_INFINITE_RECURSION = YES;
				CLANG_WARN_INT_CONVERSION = YES;
				CLANG_WARN_NON_LITERAL_NULL_CONVERSION = YES;
				CLANG_WARN_OBJC_IMPLICIT_RETAIN_SELF = YES;
				CLANG_WARN_OBJC_LITERAL_CONVERSION = YES;
				CLANG_WARN_OBJC_ROOT_CLASS = YES_ERROR;
				CLANG_WARN_QUOTED_INCLUDE_IN_FRAMEWORK_HEADER = YES;
				CLANG_WARN_RANGE_LOOP_ANALYSIS = YES;
				CLANG_WARN_STRICT_PROTOTYPES = YES;
				CLANG_WARN_SUSPICIOUS_MOVE = YES;
				CLANG_WARN_UNGUARDED_AVAILABILITY = YES_AGGRESSIVE;
				CLANG_WARN_UNREACHABLE_CODE = YES;
				CLANG_WARN__DUPLICATE_METHOD_MATCH = YES;
				CODE_SIGN_STYLE = Automatic;
				COPY_PHASE_STRIP = NO;
				CURRENT_PROJECT_VERSION = 1;
				DEBUG_INFORMATION_FORMAT = "dwarf-with-dsym";
				DEVELOPMENT_TEAM = "";
				ENABLE_NS_ASSERTIONS = NO;
				ENABLE_STRICT_OBJC_MSGSEND = YES;
				GCC_C_LANGUAGE_STANDARD = gnu11;
				GCC_NO_COMMON_BLOCKS = YES;
				GCC_WARN_64_TO_32_BIT_CONVERSION = YES;
				GCC_WARN_ABOUT_RETURN_TYPE = YES_ERROR;
				GCC_WARN_UNDECLARED_SELECTOR = YES;
				GCC_WARN_UNINITIALIZED_AUTOS = YES_AGGRESSIVE;
				GCC_WARN_UNUSED_FUNCTION = YES;
				GCC_WARN_UNUSED_VARIABLE = YES;
				GENERATE_INFOPLIST_FILE = YES;
				IPHONEOS_DEPLOYMENT_TARGET = 17.0;
				MARKETING_VERSION = 1.0.0;
				MTL_ENABLE_DEBUG_INFO = NO;
				MTL_FAST_MATH = YES;
				PRODUCT_NAME = "$(TARGET_NAME)";
				SWIFT_COMPILATION_MODE = wholemodule;
				SWIFT_OPTIMIZATION_LEVEL = "-O";
				SWIFT_STRICT_CONCURRENCY = complete;
				SWIFT_VERSION = 5.0;
				WATCHOS_DEPLOYMENT_TARGET = 10.0;
			};
			name = Beta;
		};
		8B055DECE3B83596EC3B3F55 /* Debug */ = {
			isa = XCBuildConfiguration;
			baseConfigurationReference = 7B70CB0AAB2C54161F5E8972 /* Debug.xcconfig */;
			buildSettings = {
				INFOPLIST_KEY_CFBundleDisplayName = "Squat Counter";
				INFOPLIST_KEY_WKCompanionAppBundleIdentifier = com.fuer.SquatCounter;
				PRODUCT_BUNDLE_IDENTIFIER = com.fuer.SquatCounter.watchkitapp;
				PRODUCT_NAME = SquatCounterWatchApp;
				SDKROOT = watchos;
				SKIP_INSTALL = YES;
				TARGETED_DEVICE_FAMILY = 4;
				WATCHOS_DEPLOYMENT_TARGET = 10.0;
			};
			name = Debug;
		};
		BB70095AB255BB2EDB08A152 /* Debug */ = {
			isa = XCBuildConfiguration;
			baseConfigurationReference = 7B70CB0AAB2C54161F5E8972 /* Debug.xcconfig */;
			buildSettings = {
				ASSETCATALOG_COMPILER_APPICON_NAME = AppIcon;
				CODE_SIGN_IDENTITY = "iPhone Developer";
				INFOPLIST_KEY_CFBundleDisplayName = "Squat Counter";
				INFOPLIST_KEY_NSSupportsLiveActivities = NO;
				INFOPLIST_KEY_UIApplicationSupportsIndirectInputEvents = YES;
				INFOPLIST_KEY_UILaunchScreen_Generation = YES;
				INFOPLIST_KEY_UISupportedInterfaceOrientations_iPhone = (
					UIInterfaceOrientationPortrait,
					UIInterfaceOrientationLandscapeLeft,
					UIInterfaceOrientationLandscapeRight,
				);
				IPHONEOS_DEPLOYMENT_TARGET = 17.0;
				LD_RUNPATH_SEARCH_PATHS = (
					"$(inherited)",
					"@executable_path/Frameworks",
				);
				PRODUCT_BUNDLE_IDENTIFIER = com.fuer.SquatCounter;
				PRODUCT_NAME = SquatCounter;
				SDKROOT = iphoneos;
				TARGETED_DEVICE_FAMILY = 1;
			};
			name = Debug;
		};
		C66A3AB3895936F2CEF16E89 /* Release */ = {
			isa = XCBuildConfiguration;
			baseConfigurationReference = 460466B6E7BCD297CC0632DF /* Release.xcconfig */;
			buildSettings = {
				ASSETCATALOG_COMPILER_COMPLICATION_NAME = Complication;
				CODE_SIGN_ENTITLEMENTS = SquatCounterWatchExtension/Support/SquatCounterWatchExtension.entitlements;
				GENERATE_INFOPLIST_FILE = NO;
				INFOPLIST_FILE = SquatCounterWatchExtension/Support/Info.plist;
				LD_RUNPATH_SEARCH_PATHS = (
					"$(inherited)",
					"@executable_path/Frameworks",
					"@executable_path/../../Frameworks",
				);
				PRODUCT_BUNDLE_IDENTIFIER = com.fuer.SquatCounter.watchkitapp.watchkitextension;
				PRODUCT_NAME = SquatCounterWatchExtension;
				SDKROOT = watchos;
				SKIP_INSTALL = YES;
				TARGETED_DEVICE_FAMILY = 4;
				WATCHOS_DEPLOYMENT_TARGET = 10.0;
				WATCH_APP_BUNDLE_IDENTIFIER = com.fuer.SquatCounter.watchkitapp;
			};
			name = Release;
		};
		C9EC3F2C250BFD019A4723CE /* Debug */ = {
			isa = XCBuildConfiguration;
			buildSettings = {
				ALWAYS_SEARCH_USER_PATHS = NO;
				CLANG_ANALYZER_NONNULL = YES;
				CLANG_ANALYZER_NUMBER_OBJECT_CONVERSION = YES_AGGRESSIVE;
				CLANG_CXX_LANGUAGE_STANDARD = "gnu++14";
				CLANG_CXX_LIBRARY = "libc++";
				CLANG_ENABLE_MODULES = YES;
				CLANG_ENABLE_OBJC_ARC = YES;
				CLANG_ENABLE_OBJC_WEAK = YES;
				CLANG_WARN_BLOCK_CAPTURE_AUTORELEASING = YES;
				CLANG_WARN_BOOL_CONVERSION = YES;
				CLANG_WARN_COMMA = YES;
				CLANG_WARN_CONSTANT_CONVERSION = YES;
				CLANG_WARN_DEPRECATED_OBJC_IMPLEMENTATIONS = YES;
				CLANG_WARN_DIRECT_OBJC_ISA_USAGE = YES_ERROR;
				CLANG_WARN_DOCUMENTATION_COMMENTS = YES;
				CLANG_WARN_EMPTY_BODY = YES;
				CLANG_WARN_ENUM_CONVERSION = YES;
				CLANG_WARN_INFINITE_RECURSION = YES;
				CLANG_WARN_INT_CONVERSION = YES;
				CLANG_WARN_NON_LITERAL_NULL_CONVERSION = YES;
				CLANG_WARN_OBJC_IMPLICIT_RETAIN_SELF = YES;
				CLANG_WARN_OBJC_LITERAL_CONVERSION = YES;
				CLANG_WARN_OBJC_ROOT_CLASS = YES_ERROR;
				CLANG_WARN_QUOTED_INCLUDE_IN_FRAMEWORK_HEADER = YES;
				CLANG_WARN_RANGE_LOOP_ANALYSIS = YES;
				CLANG_WARN_STRICT_PROTOTYPES = YES;
				CLANG_WARN_SUSPICIOUS_MOVE = YES;
				CLANG_WARN_UNGUARDED_AVAILABILITY = YES_AGGRESSIVE;
				CLANG_WARN_UNREACHABLE_CODE = YES;
				CLANG_WARN__DUPLICATE_METHOD_MATCH = YES;
				CODE_SIGN_STYLE = Automatic;
				COPY_PHASE_STRIP = NO;
				CURRENT_PROJECT_VERSION = 1;
				DEBUG_INFORMATION_FORMAT = dwarf;
				DEVELOPMENT_TEAM = "";
				ENABLE_STRICT_OBJC_MSGSEND = YES;
				ENABLE_TESTABILITY = YES;
				GCC_C_LANGUAGE_STANDARD = gnu11;
				GCC_DYNAMIC_NO_PIC = NO;
				GCC_NO_COMMON_BLOCKS = YES;
				GCC_OPTIMIZATION_LEVEL = 0;
				GCC_PREPROCESSOR_DEFINITIONS = (
					"$(inherited)",
					"DEBUG=1",
				);
				GCC_WARN_64_TO_32_BIT_CONVERSION = YES;
				GCC_WARN_ABOUT_RETURN_TYPE = YES_ERROR;
				GCC_WARN_UNDECLARED_SELECTOR = YES;
				GCC_WARN_UNINITIALIZED_AUTOS = YES_AGGRESSIVE;
				GCC_WARN_UNUSED_FUNCTION = YES;
				GCC_WARN_UNUSED_VARIABLE = YES;
				GENERATE_INFOPLIST_FILE = YES;
				IPHONEOS_DEPLOYMENT_TARGET = 17.0;
				MARKETING_VERSION = 1.0.0;
				MTL_ENABLE_DEBUG_INFO = INCLUDE_SOURCE;
				MTL_FAST_MATH = YES;
				ONLY_ACTIVE_ARCH = YES;
				PRODUCT_NAME = "$(TARGET_NAME)";
				SWIFT_ACTIVE_COMPILATION_CONDITIONS = DEBUG;
				SWIFT_OPTIMIZATION_LEVEL = "-Onone";
				SWIFT_STRICT_CONCURRENCY = complete;
				SWIFT_VERSION = 5.0;
				WATCHOS_DEPLOYMENT_TARGET = 10.0;
			};
			name = Debug;
		};
		E0E69F3BDA4CBA1D24254A06 /* Beta */ = {
			isa = XCBuildConfiguration;
			baseConfigurationReference = ACE6C7005503B74F33EC6A05 /* Beta.xcconfig */;
			buildSettings = {
				ASSETCATALOG_COMPILER_APPICON_NAME = AppIcon;
				CODE_SIGN_IDENTITY = "iPhone Developer";
				INFOPLIST_KEY_CFBundleDisplayName = "Squat Counter";
				INFOPLIST_KEY_NSSupportsLiveActivities = NO;
				INFOPLIST_KEY_UIApplicationSupportsIndirectInputEvents = YES;
				INFOPLIST_KEY_UILaunchScreen_Generation = YES;
				INFOPLIST_KEY_UISupportedInterfaceOrientations_iPhone = (
					UIInterfaceOrientationPortrait,
					UIInterfaceOrientationLandscapeLeft,
					UIInterfaceOrientationLandscapeRight,
				);
				IPHONEOS_DEPLOYMENT_TARGET = 17.0;
				LD_RUNPATH_SEARCH_PATHS = (
					"$(inherited)",
					"@executable_path/Frameworks",
				);
				PRODUCT_BUNDLE_IDENTIFIER = com.fuer.SquatCounter;
				PRODUCT_NAME = SquatCounter;
				SDKROOT = iphoneos;
				TARGETED_DEVICE_FAMILY = 1;
			};
			name = Beta;
		};
		F080A59F7F587AA5056653F9 /* Beta */ = {
			isa = XCBuildConfiguration;
			baseConfigurationReference = ACE6C7005503B74F33EC6A05 /* Beta.xcconfig */;
			buildSettings = {
				ASSETCATALOG_COMPILER_COMPLICATION_NAME = Complication;
				CODE_SIGN_ENTITLEMENTS = SquatCounterWatchExtension/Support/SquatCounterWatchExtension.entitlements;
				GENERATE_INFOPLIST_FILE = NO;
				INFOPLIST_FILE = SquatCounterWatchExtension/Support/Info.plist;
				LD_RUNPATH_SEARCH_PATHS = (
					"$(inherited)",
					"@executable_path/Frameworks",
					"@executable_path/../../Frameworks",
				);
				PRODUCT_BUNDLE_IDENTIFIER = com.fuer.SquatCounter.watchkitapp.watchkitextension;
				PRODUCT_NAME = SquatCounterWatchExtension;
				SDKROOT = watchos;
				SKIP_INSTALL = YES;
				TARGETED_DEVICE_FAMILY = 4;
				WATCHOS_DEPLOYMENT_TARGET = 10.0;
				WATCH_APP_BUNDLE_IDENTIFIER = com.fuer.SquatCounter.watchkitapp;
			};
			name = Beta;
		};
		F99B4AD6FFCB445BA35AA2C4 /* Debug */ = {
			isa = XCBuildConfiguration;
			baseConfigurationReference = 7B70CB0AAB2C54161F5E8972 /* Debug.xcconfig */;
			buildSettings = {
				BUNDLE_LOADER = "$(TEST_HOST)";
				IPHONEOS_DEPLOYMENT_TARGET = 17.0;
				LD_RUNPATH_SEARCH_PATHS = (
					"$(inherited)",
					"@executable_path/Frameworks",
					"@loader_path/Frameworks",
				);
				PRODUCT_BUNDLE_IDENTIFIER = com.fuer.SquatCounterTests;
				PRODUCT_NAME = SquatCounterTests;
				SDKROOT = iphoneos;
				TARGETED_DEVICE_FAMILY = "1,2";
				TEST_HOST = "$(BUILT_PRODUCTS_DIR)/SquatCounter.app/SquatCounter";
			};
			name = Debug;
		};
/* End XCBuildConfiguration section */

/* Begin XCConfigurationList section */
		8F11E93FD1289C7E4FDA182E /* Build configuration list for PBXNativeTarget "SquatCounterWatchExtension" */ = {
			isa = XCConfigurationList;
			buildConfigurations = (
				F080A59F7F587AA5056653F9 /* Beta */,
				132C0AB927E989DF98345DE4 /* Debug */,
				C66A3AB3895936F2CEF16E89 /* Release */,
			);
			defaultConfigurationIsVisible = 0;
			defaultConfigurationName = Beta;
		};
		ED02219D21B1B3F18CD1779F /* Build configuration list for PBXNativeTarget "SquatCounterWatchApp" */ = {
			isa = XCConfigurationList;
			buildConfigurations = (
				38B0EA8090BDF27E332AFF07 /* Beta */,
				8B055DECE3B83596EC3B3F55 /* Debug */,
				3500196C869E360226D5501D /* Release */,
			);
			defaultConfigurationIsVisible = 0;
			defaultConfigurationName = Beta;
		};
		F6066E72F0B2ECAA72A562A2 /* Build configuration list for PBXNativeTarget "SquatCounterTests" */ = {
			isa = XCConfigurationList;
			buildConfigurations = (
				1592AABC681773ED48B0DCB2 /* Beta */,
				F99B4AD6FFCB445BA35AA2C4 /* Debug */,
				6052A46975F077A78E34FF81 /* Release */,
			);
			defaultConfigurationIsVisible = 0;
			defaultConfigurationName = Beta;
		};
		F66AC1010B3418E32D75FC38 /* Build configuration list for PBXProject "SquatCounter" */ = {
			isa = XCConfigurationList;
			buildConfigurations = (
				81857FA52B60F6B431FB36A6 /* Beta */,
				C9EC3F2C250BFD019A4723CE /* Debug */,
				28F69BBE94F0CE56C886C78B /* Release */,
			);
			defaultConfigurationIsVisible = 0;
			defaultConfigurationName = Beta;
		};
		FC6BA30A1DFD845B3B35D5E3 /* Build configuration list for PBXNativeTarget "SquatCounter" */ = {
			isa = XCConfigurationList;
			buildConfigurations = (
				E0E69F3BDA4CBA1D24254A06 /* Beta */,
				BB70095AB255BB2EDB08A152 /* Debug */,
				2086DD4F2CE0C98E99D65AA3 /* Release */,
			);
			defaultConfigurationIsVisible = 0;
			defaultConfigurationName = Beta;
		};
/* End XCConfigurationList section */
	};
	rootObject = B9325EA1CD67AA7870552516 /* Project object */;
}
